// !$*UTF8*$!
{
	archiveVersion = 1;
	classes = {
	};
	objectVersion = 50;
	objects = {

/* Begin PBXBuildFile section */
		934D848823F1E17E0067BEEA /* Friend+CoreDataClass.swift in Sources */ = {isa = PBXBuildFile; fileRef = 934D848423F1E17E0067BEEA /* Friend+CoreDataClass.swift */; };
		934D848A23F1E17E0067BEEA /* User+CoreDataClass.swift in Sources */ = {isa = PBXBuildFile; fileRef = 934D848623F1E17E0067BEEA /* User+CoreDataClass.swift */; };
		93586AFB23EDC3B10004C6CF /* AppDelegate.swift in Sources */ = {isa = PBXBuildFile; fileRef = 93586AFA23EDC3B10004C6CF /* AppDelegate.swift */; };
		93586AFD23EDC3B10004C6CF /* SceneDelegate.swift in Sources */ = {isa = PBXBuildFile; fileRef = 93586AFC23EDC3B10004C6CF /* SceneDelegate.swift */; };
		93586B0023EDC3B10004C6CF /* Friendr.xcdatamodeld in Sources */ = {isa = PBXBuildFile; fileRef = 93586AFE23EDC3B10004C6CF /* Friendr.xcdatamodeld */; };
		93586B0223EDC3B10004C6CF /* ContentView.swift in Sources */ = {isa = PBXBuildFile; fileRef = 93586B0123EDC3B10004C6CF /* ContentView.swift */; };
		93586B0423EDC3B40004C6CF /* Assets.xcassets in Resources */ = {isa = PBXBuildFile; fileRef = 93586B0323EDC3B40004C6CF /* Assets.xcassets */; };
		93586B0723EDC3B40004C6CF /* Preview Assets.xcassets in Resources */ = {isa = PBXBuildFile; fileRef = 93586B0623EDC3B40004C6CF /* Preview Assets.xcassets */; };
		93586B0A23EDC3B40004C6CF /* LaunchScreen.storyboard in Resources */ = {isa = PBXBuildFile; fileRef = 93586B0823EDC3B40004C6CF /* LaunchScreen.storyboard */; };
		93586B1223EDC3E30004C6CF /* User.swift in Sources */ = {isa = PBXBuildFile; fileRef = 93586B1123EDC3E30004C6CF /* User.swift */; };
		93586B1423EDF4050004C6CF /* DetailView.swift in Sources */ = {isa = PBXBuildFile; fileRef = 93586B1323EDF4050004C6CF /* DetailView.swift */; };
/* End PBXBuildFile section */

/* Begin PBXFileReference section */
		934D848423F1E17E0067BEEA /* Friend+CoreDataClass.swift */ = {isa = PBXFileReference; lastKnownFileType = sourcecode.swift; path = "Friend+CoreDataClass.swift"; sourceTree = "<group>"; };
		934D848623F1E17E0067BEEA /* User+CoreDataClass.swift */ = {isa = PBXFileReference; lastKnownFileType = sourcecode.swift; path = "User+CoreDataClass.swift"; sourceTree = "<group>"; };
		93586AF723EDC3B10004C6CF /* Friendr.app */ = {isa = PBXFileReference; explicitFileType = wrapper.application; includeInIndex = 0; path = Friendr.app; sourceTree = BUILT_PRODUCTS_DIR; };
		93586AFA23EDC3B10004C6CF /* AppDelegate.swift */ = {isa = PBXFileReference; lastKnownFileType = sourcecode.swift; path = AppDelegate.swift; sourceTree = "<group>"; };
		93586AFC23EDC3B10004C6CF /* SceneDelegate.swift */ = {isa = PBXFileReference; lastKnownFileType = sourcecode.swift; path = SceneDelegate.swift; sourceTree = "<group>"; };
		93586AFF23EDC3B10004C6CF /* Friendr.xcdatamodel */ = {isa = PBXFileReference; lastKnownFileType = wrapper.xcdatamodel; path = Friendr.xcdatamodel; sourceTree = "<group>"; };
		93586B0123EDC3B10004C6CF /* ContentView.swift */ = {isa = PBXFileReference; lastKnownFileType = sourcecode.swift; path = ContentView.swift; sourceTree = "<group>"; };
		93586B0323EDC3B40004C6CF /* Assets.xcassets */ = {isa = PBXFileReference; lastKnownFileType = folder.assetcatalog; path = Assets.xcassets; sourceTree = "<group>"; };
		93586B0623EDC3B40004C6CF /* Preview Assets.xcassets */ = {isa = PBXFileReference; lastKnownFileType = folder.assetcatalog; path = "Preview Assets.xcassets"; sourceTree = "<group>"; };
		93586B0923EDC3B40004C6CF /* Base */ = {isa = PBXFileReference; lastKnownFileType = file.storyboard; name = Base; path = Base.lproj/LaunchScreen.storyboard; sourceTree = "<group>"; };
		93586B0B23EDC3B40004C6CF /* Info.plist */ = {isa = PBXFileReference; lastKnownFileType = text.plist.xml; path = Info.plist; sourceTree = "<group>"; };
		93586B1123EDC3E30004C6CF /* User.swift */ = {isa = PBXFileReference; lastKnownFileType = sourcecode.swift; path = User.swift; sourceTree = "<group>"; };
		93586B1323EDF4050004C6CF /* DetailView.swift */ = {isa = PBXFileReference; lastKnownFileType = sourcecode.swift; path = DetailView.swift; sourceTree = "<group>"; };
/* End PBXFileReference section */

/* Begin PBXFrameworksBuildPhase section */
		93586AF423EDC3B10004C6CF /* Frameworks */ = {
			isa = PBXFrameworksBuildPhase;
			buildActionMask = 2147483647;
			files = (
			);
			runOnlyForDeploymentPostprocessing = 0;
		};
/* End PBXFrameworksBuildPhase section */

/* Begin PBXGroup section */
		93586AEE23EDC3B10004C6CF = {
			isa = PBXGroup;
			children = (
				934D848423F1E17E0067BEEA /* Friend+CoreDataClass.swift */,
				934D848623F1E17E0067BEEA /* User+CoreDataClass.swift */,
				93586AF923EDC3B10004C6CF /* Friendr */,
				93586AF823EDC3B10004C6CF /* Products */,
			);
			sourceTree = "<group>";
		};
		93586AF823EDC3B10004C6CF /* Products */ = {
			isa = PBXGroup;
			children = (
				93586AF723EDC3B10004C6CF /* Friendr.app */,
			);
			name = Products;
			sourceTree = "<group>";
		};
		93586AF923EDC3B10004C6CF /* Friendr */ = {
			isa = PBXGroup;
			children = (
				93586B1123EDC3E30004C6CF /* User.swift */,
				93586AFA23EDC3B10004C6CF /* AppDelegate.swift */,
				93586AFC23EDC3B10004C6CF /* SceneDelegate.swift */,
				93586B0123EDC3B10004C6CF /* ContentView.swift */,
				93586B1323EDF4050004C6CF /* DetailView.swift */,
				93586B0323EDC3B40004C6CF /* Assets.xcassets */,
				93586B0823EDC3B40004C6CF /* LaunchScreen.storyboard */,
				93586B0B23EDC3B40004C6CF /* Info.plist */,
				93586AFE23EDC3B10004C6CF /* Friendr.xcdatamodeld */,
				93586B0523EDC3B40004C6CF /* Preview Content */,
			);
			path = Friendr;
			sourceTree = "<group>";
		};
		93586B0523EDC3B40004C6CF /* Preview Content */ = {
			isa = PBXGroup;
			children = (
				93586B0623EDC3B40004C6CF /* Preview Assets.xcassets */,
			);
			path = "Preview Content";
			sourceTree = "<group>";
		};
/* End PBXGroup section */

/* Begin PBXNativeTarget section */
		93586AF623EDC3B10004C6CF /* Friendr */ = {
			isa = PBXNativeTarget;
			buildConfigurationList = 93586B0E23EDC3B40004C6CF /* Build configuration list for PBXNativeTarget "Friendr" */;
			buildPhases = (
				93586AF323EDC3B10004C6CF /* Sources */,
				93586AF423EDC3B10004C6CF /* Frameworks */,
				93586AF523EDC3B10004C6CF /* Resources */,
			);
			buildRules = (
			);
			dependencies = (
			);
			name = Friendr;
			productName = Friendr;
			productReference = 93586AF723EDC3B10004C6CF /* Friendr.app */;
			productType = "com.apple.product-type.application";
		};
/* End PBXNativeTarget section */

/* Begin PBXProject section */
		93586AEF23EDC3B10004C6CF /* Project object */ = {
			isa = PBXProject;
			attributes = {
				LastSwiftUpdateCheck = 1130;
				LastUpgradeCheck = 1130;
				ORGANIZATIONNAME = AaronDupont;
				TargetAttributes = {
					93586AF623EDC3B10004C6CF = {
						CreatedOnToolsVersion = 11.3.1;
					};
				};
			};
			buildConfigurationList = 93586AF223EDC3B10004C6CF /* Build configuration list for PBXProject "Friendr" */;
			compatibilityVersion = "Xcode 9.3";
			developmentRegion = en;
			hasScannedForEncodings = 0;
			knownRegions = (
				en,
				Base,
			);
			mainGroup = 93586AEE23EDC3B10004C6CF;
			productRefGroup = 93586AF823EDC3B10004C6CF /* Products */;
			projectDirPath = "";
			projectRoot = "";
			targets = (
				93586AF623EDC3B10004C6CF /* Friendr */,
			);
		};
/* End PBXProject section */

/* Begin PBXResourcesBuildPhase section */
		93586AF523EDC3B10004C6CF /* Resources */ = {
			isa = PBXResourcesBuildPhase;
			buildActionMask = 2147483647;
			files = (
				93586B0A23EDC3B40004C6CF /* LaunchScreen.storyboard in Resources */,
				93586B0723EDC3B40004C6CF /* Preview Assets.xcassets in Resources */,
				93586B0423EDC3B40004C6CF /* Assets.xcassets in Resources */,
			);
			runOnlyForDeploymentPostprocessing = 0;
		};
/* End PBXResourcesBuildPhase section */

/* Begin PBXSourcesBuildPhase section */
		93586AF323EDC3B10004C6CF /* Sources */ = {
			isa = PBXSourcesBuildPhase;
			buildActionMask = 2147483647;
			files = (
				93586AFB23EDC3B10004C6CF /* AppDelegate.swift in Sources */,
				93586B1423EDF4050004C6CF /* DetailView.swift in Sources */,
				93586AFD23EDC3B10004C6CF /* SceneDelegate.swift in Sources */,
				93586B0223EDC3B10004C6CF /* ContentView.swift in Sources */,
				93586B1223EDC3E30004C6CF /* User.swift in Sources */,
				934D848A23F1E17E0067BEEA /* User+CoreDataClass.swift in Sources */,
				934D848823F1E17E0067BEEA /* Friend+CoreDataClass.swift in Sources */,
				93586B0023EDC3B10004C6CF /* Friendr.xcdatamodeld in Sources */,
			);
			runOnlyForDeploymentPostprocessing = 0;
		};
/* End PBXSourcesBuildPhase section */

/* Begin PBXVariantGroup section */
		93586B0823EDC3B40004C6CF /* LaunchScreen.storyboard */ = {
			isa = PBXVariantGroup;
			children = (
				93586B0923EDC3B40004C6CF /* Base */,
			);
			name = LaunchScreen.storyboard;
			sourceTree = "<group>";
		};
/* End PBXVariantGroup section */

/* Begin XCBuildConfiguration section */
		93586B0C23EDC3B40004C6CF /* Debug */ = {
			isa = XCBuildConfiguration;
			buildSettings = {
				ALWAYS_SEARCH_USER_PATHS = NO;
				CLANG_ANALYZER_NONNULL = YES;
				CLANG_ANALYZER_NUMBER_OBJECT_CONVERSION = YES_AGGRESSIVE;
				CLANG_CXX_LANGUAGE_STANDARD = "gnu++14";
				CLANG_CXX_LIBRARY = "libc++";
				CLANG_ENABLE_MODULES = YES;
				CLANG_ENABLE_OBJC_ARC = YES;
				CLANG_ENABLE_OBJC_WEAK = YES;
				CLANG_WARN_BLOCK_CAPTURE_AUTORELEASING = YES;
				CLANG_WARN_BOOL_CONVERSION = YES;
				CLANG_WARN_COMMA = YES;
				CLANG_WARN_CONSTANT_CONVERSION = YES;
				CLANG_WARN_DEPRECATED_OBJC_IMPLEMENTATIONS = YES;
				CLANG_WARN_DIRECT_OBJC_ISA_USAGE = YES_ERROR;
				CLANG_WARN_DOCUMENTATION_COMMENTS = YES;
				CLANG_WARN_EMPTY_BODY = YES;
				CLANG_WARN_ENUM_CONVERSION = YES;
				CLANG_WARN_INFINITE_RECURSION = YES;
				CLANG_WARN_INT_CONVERSION = YES;
				CLANG_WARN_NON_LITERAL_NULL_CONVERSION = YES;
				CLANG_WARN_OBJC_IMPLICIT_RETAIN_SELF = YES;
				CLANG_WARN_OBJC_LITERAL_CONVERSION = YES;
				CLANG_WARN_OBJC_ROOT_CLASS = YES_ERROR;
				CLANG_WARN_RANGE_LOOP_ANALYSIS = YES;
				CLANG_WARN_STRICT_PROTOTYPES = YES;
				CLANG_WARN_SUSPICIOUS_MOVE = YES;
				CLANG_WARN_UNGUARDED_AVAILABILITY = YES_AGGRESSIVE;
				CLANG_WARN_UNREACHABLE_CODE = YES;
				CLANG_WARN__DUPLICATE_METHOD_MATCH = YES;
				COPY_PHASE_STRIP = NO;
				DEBUG_INFORMATION_FORMAT = dwarf;
				ENABLE_STRICT_OBJC_MSGSEND = YES;
				ENABLE_TESTABILITY = YES;
				GCC_C_LANGUAGE_STANDARD = gnu11;
				GCC_DYNAMIC_NO_PIC = NO;
				GCC_NO_COMMON_BLOCKS = YES;
				GCC_OPTIMIZATION_LEVEL = 0;
				GCC_PREPROCESSOR_DEFINITIONS = (
					"DEBUG=1",
					"$(inherited)",
				);
				GCC_WARN_64_TO_32_BIT_CONVERSION = YES;
				GCC_WARN_ABOUT_RETURN_TYPE = YES_ERROR;
				GCC_WARN_UNDECLARED_SELECTOR = YES;
				GCC_WARN_UNINITIALIZED_AUTOS = YES_AGGRESSIVE;
				GCC_WARN_UNUSED_FUNCTION = YES;
				GCC_WARN_UNUSED_VARIABLE = YES;
				IPHONEOS_DEPLOYMENT_TARGET = 13.2;
				MTL_ENABLE_DEBUG_INFO = INCLUDE_SOURCE;
				MTL_FAST_MATH = YES;
				ONLY_ACTIVE_ARCH = YES;
				SDKROOT = iphoneos;
				SWIFT_ACTIVE_COMPILATION_CONDITIONS = DEBUG;
				SWIFT_OPTIMIZATION_LEVEL = "-Onone";
			};
			name = Debug;
		};
		93586B0D23EDC3B40004C6CF /* Release */ = {
			isa = XCBuildConfiguration;
			buildSettings = {
				ALWAYS_SEARCH_USER_PATHS = NO;
				CLANG_ANALYZER_NONNULL = YES;
				CLANG_ANALYZER_NUMBER_OBJECT_CONVERSION = YES_AGGRESSIVE;
				CLANG_CXX_LANGUAGE_STANDARD = "gnu++14";
				CLANG_CXX_LIBRARY = "libc++";
				CLANG_ENABLE_MODULES = YES;
				CLANG_ENABLE_OBJC_ARC = YES;
				CLANG_ENABLE_OBJC_WEAK = YES;
				CLANG_WARN_BLOCK_CAPTURE_AUTORELEASING = YES;
				CLANG_WARN_BOOL_CONVERSION = YES;
				CLANG_WARN_COMMA = YES;
				CLANG_WARN_CONSTANT_CONVERSION = YES;
				CLANG_WARN_DEPRECATED_OBJC_IMPLEMENTATIONS = YES;
				CLANG_WARN_DIRECT_OBJC_ISA_USAGE = YES_ERROR;
				CLANG_WARN_DOCUMENTATION_COMMENTS = YES;
				CLANG_WARN_EMPTY_BODY = YES;
				CLANG_WARN_ENUM_CONVERSION = YES;
				CLANG_WARN_INFINITE_RECURSION = YES;
				CLANG_WARN_INT_CONVERSION = YES;
				CLANG_WARN_NON_LITERAL_NULL_CONVERSION = YES;
				CLANG_WARN_OBJC_IMPLICIT_RETAIN_SELF = YES;
				CLANG_WARN_OBJC_LITERAL_CONVERSION = YES;
				CLANG_WARN_OBJC_ROOT_CLASS = YES_ERROR;
				CLANG_WARN_RANGE_LOOP_ANALYSIS = YES;
				CLANG_WARN_STRICT_PROTOTYPES = YES;
				CLANG_WARN_SUSPICIOUS_MOVE = YES;
				CLANG_WARN_UNGUARDED_AVAILABILITY = YES_AGGRESSIVE;
				CLANG_WARN_UNREACHABLE_CODE = YES;
				CLANG_WARN__DUPLICATE_METHOD_MATCH = YES;
				COPY_PHASE_STRIP = NO;
				DEBUG_INFORMATION_FORMAT = "dwarf-with-dsym";
				ENABLE_NS_ASSERTIONS = NO;
				ENABLE_STRICT_OBJC_MSGSEND = YES;
				GCC_C_LANGUAGE_STANDARD = gnu11;
				GCC_NO_COMMON_BLOCKS = YES;
				GCC_WARN_64_TO_32_BIT_CONVERSION = YES;
				GCC_WARN_ABOUT_RETURN_TYPE = YES_ERROR;
				GCC_WARN_UNDECLARED_SELECTOR = YES;
				GCC_WARN_UNINITIALIZED_AUTOS = YES_AGGRESSIVE;
				GCC_WARN_UNUSED_FUNCTION = YES;
				GCC_WARN_UNUSED_VARIABLE = YES;
				IPHONEOS_DEPLOYMENT_TARGET = 13.2;
				MTL_ENABLE_DEBUG_INFO = NO;
				MTL_FAST_MATH = YES;
				SDKROOT = iphoneos;
				SWIFT_COMPILATION_MODE = wholemodule;
				SWIFT_OPTIMIZATION_LEVEL = "-O";
				VALIDATE_PRODUCT = YES;
			};
			name = Release;
		};
		93586B0F23EDC3B40004C6CF /* Debug */ = {
			isa = XCBuildConfiguration;
			buildSettings = {
				ASSETCATALOG_COMPILER_APPICON_NAME = AppIcon;
				CODE_SIGN_STYLE = Automatic;
				DEVELOPMENT_ASSET_PATHS = "\"Friendr/Preview Content\"";
				DEVELOPMENT_TEAM = 32482G5HGZ;
				ENABLE_PREVIEWS = YES;
				INFOPLIST_FILE = Friendr/Info.plist;
				LD_RUNPATH_SEARCH_PATHS = (
					"$(inherited)",
					"@executable_path/Frameworks",
				);
				PRODUCT_BUNDLE_IDENTIFIER = com.Example.Friendr;
				PRODUCT_NAME = "$(TARGET_NAME)";
				SWIFT_VERSION = 5.0;
				TARGETED_DEVICE_FAMILY = "1,2";
			};
			name = Debug;
		};
		93586B1023EDC3B40004C6CF /* Release */ = {
			isa = XCBuildConfiguration;
			buildSettings = {
				ASSETCATALOG_COMPILER_APPICON_NAME = AppIcon;
				CODE_SIGN_STYLE = Automatic;
				DEVELOPMENT_ASSET_PATHS = "\"Friendr/Preview Content\"";
				DEVELOPMENT_TEAM = 32482G5HGZ;
				ENABLE_PREVIEWS = YES;
				INFOPLIST_FILE = Friendr/Info.plist;
				LD_RUNPATH_SEARCH_PATHS = (
					"$(inherited)",
					"@executable_path/Frameworks",
				);
				PRODUCT_BUNDLE_IDENTIFIER = com.Example.Friendr;
				PRODUCT_NAME = "$(TARGET_NAME)";
				SWIFT_VERSION = 5.0;
				TARGETED_DEVICE_FAMILY = "1,2";
			};
			name = Release;
		};
/* End XCBuildConfiguration section */

/* Begin XCConfigurationList section */
		93586AF223EDC3B10004C6CF /* Build configuration list for PBXProject "Friendr" */ = {
			isa = XCConfigurationList;
			buildConfigurations = (
				93586B0C23EDC3B40004C6CF /* Debug */,
				93586B0D23EDC3B40004C6CF /* Release */,
			);
			defaultConfigurationIsVisible = 0;
			defaultConfigurationName = Release;
		};
		93586B0E23EDC3B40004C6CF /* Build configuration list for PBXNativeTarget "Friendr" */ = {
			isa = XCConfigurationList;
			buildConfigurations = (
				93586B0F23EDC3B40004C6CF /* Debug */,
				93586B1023EDC3B40004C6CF /* Release */,
			);
			defaultConfigurationIsVisible = 0;
			defaultConfigurationName = Release;
		};
/* End XCConfigurationList section */

/* Begin XCVersionGroup section */
		93586AFE23EDC3B10004C6CF /* Friendr.xcdatamodeld */ = {
			isa = XCVersionGroup;
			children = (
				93586AFF23EDC3B10004C6CF /* Friendr.xcdatamodel */,
			);
			currentVersion = 93586AFF23EDC3B10004C6CF /* Friendr.xcdatamodel */;
			path = Friendr.xcdatamodeld;
			sourceTree = "<group>";
			versionGroupType = wrapper.xcdatamodel;
		};
/* End XCVersionGroup section */
	};
	rootObject = 93586AEF23EDC3B10004C6CF /* Project object */;
}
